
Microsoft Visual Studio Solution File, Format Version 12.00
# Visual Studio Version 16
VisualStudioVersion = 16.0.34407.143
MinimumVisualStudioVersion = 10.0.40219.1
Project("{FAE04EC0-301F-11D3-BF4B-00C04F79EFBC}") = "ConsoleAppAssignmentpart2of6", "ConsoleAppAssignmentpart2of6\ConsoleAppAssignmentpart2of6.csproj", "{CBC83BC5-1325-42E9-A05E-CD96D0AD6424}"
EndProject
Global
	GlobalSection(SolutionConfigurationPlatforms) = preSolution
		Debug|Any CPU = Debug|Any CPU
		Release|Any CPU = Release|Any CPU
	EndGlobalSection
	GlobalSection(ProjectConfigurationPlatforms) = postSolution
		{CBC83BC5-1325-42E9-A05E-CD96D0AD6424}.Debug|Any CPU.ActiveCfg = Debug|Any CPU
		{CBC83BC5-1325-42E9-A05E-CD96D0AD6424}.Debug|Any CPU.Build.0 = Debug|Any CPU
		{CBC83BC5-1325-42E9-A05E-CD96D0AD6424}.Release|Any CPU.ActiveCfg = Release|Any CPU
		{CBC83BC5-1325-42E9-A05E-CD96D0AD6424}.Release|Any CPU.Build.0 = Release|Any CPU
	EndGlobalSection
	GlobalSection(SolutionProperties) = preSolution
		HideSolutionNode = FALSE
	EndGlobalSection
	GlobalSection(ExtensibilityGlobals) = postSolution
		SolutionGuid = {2AB883E5-9F2A-4A48-B1FD-B6BA22857F80}
	EndGlobalSection
EndGlobal
